
Microsoft Visual Studio Solution File, Format Version 12.00
# Visual Studio 15
VisualStudioVersion = 15.0.26124.0
MinimumVisualStudioVersion = 15.0.26124.0
Project("{FAE04EC0-301F-11D3-BF4B-00C04F79EFBC}") = "Head", "Head\Head.csproj", "{06482AEE-74E4-4811-9876-2C36AF2E909B}"
EndProject
Project("{FAE04EC0-301F-11D3-BF4B-00C04F79EFBC}") = "Events", "Events\Events.csproj", "{FE46F821-F6B8-4C62-B37B-B521D7E6A786}"
EndProject
Project("{FAE04EC0-301F-11D3-BF4B-00C04F79EFBC}") = "Domain", "Domain\Domain.csproj", "{1209DB1C-D788-4869-9E8F-F6E5D807BD44}"
EndProject
Global
	GlobalSection(SolutionConfigurationPlatforms) = preSolution
		Debug|Any CPU = Debug|Any CPU
		Debug|x64 = Debug|x64
		Debug|x86 = Debug|x86
		Release|Any CPU = Release|Any CPU
		Release|x64 = Release|x64
		Release|x86 = Release|x86
	EndGlobalSection
	GlobalSection(SolutionProperties) = preSolution
		HideSolutionNode = FALSE
	EndGlobalSection
	GlobalSection(ProjectConfigurationPlatforms) = postSolution
		{06482AEE-74E4-4811-9876-2C36AF2E909B}.Debug|Any CPU.ActiveCfg = Debug|Any CPU
		{06482AEE-74E4-4811-9876-2C36AF2E909B}.Debug|Any CPU.Build.0 = Debug|Any CPU
		{06482AEE-74E4-4811-9876-2C36AF2E909B}.Debug|x64.ActiveCfg = Debug|Any CPU
		{06482AEE-74E4-4811-9876-2C36AF2E909B}.Debug|x64.Build.0 = Debug|Any CPU
		{06482AEE-74E4-4811-9876-2C36AF2E909B}.Debug|x86.ActiveCfg = Debug|Any CPU
		{06482AEE-74E4-4811-9876-2C36AF2E909B}.Debug|x86.Build.0 = Debug|Any CPU
		{06482AEE-74E4-4811-9876-2C36AF2E909B}.Release|Any CPU.ActiveCfg = Release|Any CPU
		{06482AEE-74E4-4811-9876-2C36AF2E909B}.Release|Any CPU.Build.0 = Release|Any CPU
		{06482AEE-74E4-4811-9876-2C36AF2E909B}.Release|x64.ActiveCfg = Release|Any CPU
		{06482AEE-74E4-4811-9876-2C36AF2E909B}.Release|x64.Build.0 = Release|Any CPU
		{06482AEE-74E4-4811-9876-2C36AF2E909B}.Release|x86.ActiveCfg = Release|Any CPU
		{06482AEE-74E4-4811-9876-2C36AF2E909B}.Release|x86.Build.0 = Release|Any CPU
		{FE46F821-F6B8-4C62-B37B-B521D7E6A786}.Debug|Any CPU.ActiveCfg = Debug|Any CPU
		{FE46F821-F6B8-4C62-B37B-B521D7E6A786}.Debug|Any CPU.Build.0 = Debug|Any CPU
		{FE46F821-F6B8-4C62-B37B-B521D7E6A786}.Debug|x64.ActiveCfg = Debug|Any CPU
		{FE46F821-F6B8-4C62-B37B-B521D7E6A786}.Debug|x64.Build.0 = Debug|Any CPU
		{FE46F821-F6B8-4C62-B37B-B521D7E6A786}.Debug|x86.ActiveCfg = Debug|Any CPU
		{FE46F821-F6B8-4C62-B37B-B521D7E6A786}.Debug|x86.Build.0 = Debug|Any CPU
		{FE46F821-F6B8-4C62-B37B-B521D7E6A786}.Release|Any CPU.ActiveCfg = Release|Any CPU
		{FE46F821-F6B8-4C62-B37B-B521D7E6A786}.Release|Any CPU.Build.0 = Release|Any CPU
		{FE46F821-F6B8-4C62-B37B-B521D7E6A786}.Release|x64.ActiveCfg = Release|Any CPU
		{FE46F821-F6B8-4C62-B37B-B521D7E6A786}.Release|x64.Build.0 = Release|Any CPU
		{FE46F821-F6B8-4C62-B37B-B521D7E6A786}.Release|x86.ActiveCfg = Release|Any CPU
		{FE46F821-F6B8-4C62-B37B-B521D7E6A786}.Release|x86.Build.0 = Release|Any CPU
		{1209DB1C-D788-4869-9E8F-F6E5D807BD44}.Debug|Any CPU.ActiveCfg = Debug|Any CPU
		{1209DB1C-D788-4869-9E8F-F6E5D807BD44}.Debug|Any CPU.Build.0 = Debug|Any CPU
		{1209DB1C-D788-4869-9E8F-F6E5D807BD44}.Debug|x64.ActiveCfg = Debug|Any CPU
		{1209DB1C-D788-4869-9E8F-F6E5D807BD44}.Debug|x64.Build.0 = Debug|Any CPU
		{1209DB1C-D788-4869-9E8F-F6E5D807BD44}.Debug|x86.ActiveCfg = Debug|Any CPU
		{1209DB1C-D788-4869-9E8F-F6E5D807BD44}.Debug|x86.Build.0 = Debug|Any CPU
		{1209DB1C-D788-4869-9E8F-F6E5D807BD44}.Release|Any CPU.ActiveCfg = Release|Any CPU
		{1209DB1C-D788-4869-9E8F-F6E5D807BD44}.Release|Any CPU.Build.0 = Release|Any CPU
		{1209DB1C-D788-4869-9E8F-F6E5D807BD44}.Release|x64.ActiveCfg = Release|Any CPU
		{1209DB1C-D788-4869-9E8F-F6E5D807BD44}.Release|x64.Build.0 = Release|Any CPU
		{1209DB1C-D788-4869-9E8F-F6E5D807BD44}.Release|x86.ActiveCfg = Release|Any CPU
		{1209DB1C-D788-4869-9E8F-F6E5D807BD44}.Release|x86.Build.0 = Release|Any CPU
	EndGlobalSection
EndGlobal
